PODS:
  - Alamofire (4.5.0)
  - Alamofire-SwiftyJSON (2.0.0-beta.1):
    - Alamofire (~> 4.0)
    - SwiftyJSON (~> 3.0)
  - SwiftyJSON (3.1.4)

DEPENDENCIES:
  - Alamofire
  - Alamofire-SwiftyJSON (~> 2.0.0-beta.1)

SPEC CHECKSUMS:
  Alamofire: f28cdffd29de33a7bfa022cbd63ae95a27fae140
  Alamofire-SwiftyJSON: 0e97db3fdbe03c24438462fe117dd7dd64cbc5e3
  SwiftyJSON: c2842d878f95482ffceec5709abc3d05680c0220

PODFILE CHECKSUM: 5df3c6b01a61fb1459f181439049a2a6504555b0

COCOAPODS: 1.2.1
